
Microsoft Visual Studio Solution File, Format Version 12.00
# Visual Studio Version 17
VisualStudioVersion = 17.4.33213.308
MinimumVisualStudioVersion = 10.0.40219.1
Project("{9A19103F-16F7-4668-BE54-9A1E7A4F7556}") = "FagestKeyGenerator.WebAPP", "FagestKeyGenerator.WebAPP.csproj", "{1A65D54D-CD8C-481F-91F8-F7F4807ECF20}"
EndProject
Global
	GlobalSection(SolutionConfigurationPlatforms) = preSolution
		Debug|Any CPU = Debug|Any CPU
		Release|Any CPU = Release|Any CPU
	EndGlobalSection
	GlobalSection(ProjectConfigurationPlatforms) = postSolution
		{1A65D54D-CD8C-481F-91F8-F7F4807ECF20}.Debug|Any CPU.ActiveCfg = Debug|Any CPU
		{1A65D54D-CD8C-481F-91F8-F7F4807ECF20}.Debug|Any CPU.Build.0 = Debug|Any CPU
		{1A65D54D-CD8C-481F-91F8-F7F4807ECF20}.Release|Any CPU.ActiveCfg = Release|Any CPU
		{1A65D54D-CD8C-481F-91F8-F7F4807ECF20}.Release|Any CPU.Build.0 = Release|Any CPU
	EndGlobalSection
	GlobalSection(SolutionProperties) = preSolution
		HideSolutionNode = FALSE
	EndGlobalSection
	GlobalSection(ExtensibilityGlobals) = postSolution
		SolutionGuid = {E71A4F62-9FEE-42F2-9CC3-40704B091FDA}
	EndGlobalSection
EndGlobal
